
Microsoft Visual Studio Solution File, Format Version 12.00
# Visual Studio Version 17
VisualStudioVersion = 17.5.002.0
MinimumVisualStudioVersion = 10.0.40219.1
Project("{9A19103F-16F7-4668-BE54-9A1E7A4F7556}") = "Csharp", "Csharp.csproj", "{F49173E5-6207-442F-9378-0BE60EED9DF7}"
EndProject
Global
	GlobalSection(SolutionConfigurationPlatforms) = preSolution
		Debug|Any CPU = Debug|Any CPU
		Release|Any CPU = Release|Any CPU
	EndGlobalSection
	GlobalSection(ProjectConfigurationPlatforms) = postSolution
		{F49173E5-6207-442F-9378-0BE60EED9DF7}.Debug|Any CPU.ActiveCfg = Debug|Any CPU
		{F49173E5-6207-442F-9378-0BE60EED9DF7}.Debug|Any CPU.Build.0 = Debug|Any CPU
		{F49173E5-6207-442F-9378-0BE60EED9DF7}.Release|Any CPU.ActiveCfg = Release|Any CPU
		{F49173E5-6207-442F-9378-0BE60EED9DF7}.Release|Any CPU.Build.0 = Release|Any CPU
	EndGlobalSection
	GlobalSection(SolutionProperties) = preSolution
		HideSolutionNode = FALSE
	EndGlobalSection
	GlobalSection(ExtensibilityGlobals) = postSolution
		SolutionGuid = {16C9EBA1-20D1-4997-BF4B-A2EF34C06002}
	EndGlobalSection
EndGlobal
